
Microsoft Visual Studio Solution File, Format Version 12.00
# Visual Studio Version 16
VisualStudioVersion = 16.0.29509.3
MinimumVisualStudioVersion = 10.0.40219.1
Project("{FAE04EC0-301F-11D3-BF4B-00C04F79EFBC}") = "talking keyboard", "talking keyboard.csproj", "{1EBCBF2E-56D4-4C97-8F63-9561C356A344}"
EndProject
Global
	GlobalSection(SolutionConfigurationPlatforms) = preSolution
		Debug|Any CPU = Debug|Any CPU
		Release|Any CPU = Release|Any CPU
	EndGlobalSection
	GlobalSection(ProjectConfigurationPlatforms) = postSolution
		{1EBCBF2E-56D4-4C97-8F63-9561C356A344}.Debug|Any CPU.ActiveCfg = Debug|Any CPU
		{1EBCBF2E-56D4-4C97-8F63-9561C356A344}.Debug|Any CPU.Build.0 = Debug|Any CPU
		{1EBCBF2E-56D4-4C97-8F63-9561C356A344}.Release|Any CPU.ActiveCfg = Release|Any CPU
		{1EBCBF2E-56D4-4C97-8F63-9561C356A344}.Release|Any CPU.Build.0 = Release|Any CPU
	EndGlobalSection
	GlobalSection(SolutionProperties) = preSolution
		HideSolutionNode = FALSE
	EndGlobalSection
	GlobalSection(ExtensibilityGlobals) = postSolution
		SolutionGuid = {61DDD5A0-927B-4096-9D34-70EA0FBE58B4}
	EndGlobalSection
EndGlobal
